
Microsoft Visual Studio Solution File, Format Version 12.00
# Visual Studio Version 17
VisualStudioVersion = 17.9.34728.123
MinimumVisualStudioVersion = 10.0.40219.1
Project("{FAE04EC0-301F-11D3-BF4B-00C04F79EFBC}") = "BigQueryDotNetDemo", "BigQueryDotNetDemo\BigQueryDotNetDemo.csproj", "{9398B389-E2CD-45D6-A887-E46BD0256ECB}"
EndProject
Global
	GlobalSection(SolutionConfigurationPlatforms) = preSolution
		Debug|Any CPU = Debug|Any CPU
		Release|Any CPU = Release|Any CPU
	EndGlobalSection
	GlobalSection(ProjectConfigurationPlatforms) = postSolution
		{9398B389-E2CD-45D6-A887-E46BD0256ECB}.Debug|Any CPU.ActiveCfg = Debug|Any CPU
		{9398B389-E2CD-45D6-A887-E46BD0256ECB}.Debug|Any CPU.Build.0 = Debug|Any CPU
		{9398B389-E2CD-45D6-A887-E46BD0256ECB}.Release|Any CPU.ActiveCfg = Release|Any CPU
		{9398B389-E2CD-45D6-A887-E46BD0256ECB}.Release|Any CPU.Build.0 = Release|Any CPU
	EndGlobalSection
	GlobalSection(SolutionProperties) = preSolution
		HideSolutionNode = FALSE
	EndGlobalSection
	GlobalSection(ExtensibilityGlobals) = postSolution
		SolutionGuid = {777BC8A7-1EAB-4615-B755-1B38D1B1573C}
	EndGlobalSection
EndGlobal
